
Microsoft Visual Studio Solution File, Format Version 12.00
# Visual Studio Version 18
VisualStudioVersion = 18.4.11605.240
MinimumVisualStudioVersion = 10.0.40219.1
Project("{FAE04EC0-301F-11D3-BF4B-00C04F79EFBC}") = "Duct", "Duct\Duct.csproj", "{A1B2C3D4-E5F6-7890-ABCD-EF1234567890}"
EndProject
Project("{FAE04EC0-301F-11D3-BF4B-00C04F79EFBC}") = "Duct.TestApp", "tests\Duct.TestApp\Duct.TestApp.csproj", "{B2C3D4E5-F6A7-8901-BCDE-F12345678901}"
EndProject
Project("{FAE04EC0-301F-11D3-BF4B-00C04F79EFBC}") = "Duct.MiniTest", "tests\Duct.MiniTest\Duct.MiniTest.csproj", "{BECE152A-C79A-24E0-5DB2-BE051EA90679}"
EndProject
Project("{FAE04EC0-301F-11D3-BF4B-00C04F79EFBC}") = "Duct.Tests", "tests\Duct.Tests\Duct.Tests.csproj", "{F81B468C-EF75-4BF9-A7F6-08B716392575}"
EndProject
Project("{2150E333-8FDC-42A3-9474-1A3956D46DE8}") = "samples", "samples", "{5D20AA90-6969-D8BD-9DCD-8634F4692FDA}"
EndProject
Project("{2150E333-8FDC-42A3-9474-1A3956D46DE8}") = "apps", "apps", "{2F1648C1-FA56-3C81-D04A-E07825801750}"
EndProject
Project("{2150E333-8FDC-42A3-9474-1A3956D46DE8}") = "wordpuzzle", "wordpuzzle", "{E9030C00-FF67-603A-B33B-7B335BB11AEC}"
EndProject
Project("{FAE04EC0-301F-11D3-BF4B-00C04F79EFBC}") = "WordPuzzle", "samples\apps\wordpuzzle\WordPuzzle.csproj", "{10FAAB08-2527-4869-960E-D3AB3600E5C9}"
EndProject
Project("{FAE04EC0-301F-11D3-BF4B-00C04F79EFBC}") = "Duct.Cli", "Duct.Cli\Duct.Cli.csproj", "{62CDF797-49E4-4226-A710-2568EADF346B}"
EndProject
Project("{2150E333-8FDC-42A3-9474-1A3956D46DE8}") = "ductfiles", "ductfiles", "{7E6CF6B0-0B2E-9DA2-0313-0F50037052B7}"
EndProject
Project("{FAE04EC0-301F-11D3-BF4B-00C04F79EFBC}") = "DuctFiles", "samples\apps\ductfiles\DuctFiles.csproj", "{A2F23665-07D8-48FC-B163-0C4BBB9C16FC}"
EndProject
Project("{2150E333-8FDC-42A3-9474-1A3956D46DE8}") = "regedit", "regedit", "{C3A1B2D4-5E6F-7890-AB12-CD34EF567890}"
EndProject
Project("{FAE04EC0-301F-11D3-BF4B-00C04F79EFBC}") = "DuctRegedit", "samples\apps\regedit\DuctRegedit.csproj", "{D4E5F6A7-B8C9-0123-DEF4-567890ABCDEF}"
EndProject
Project("{FAE04EC0-301F-11D3-BF4B-00C04F79EFBC}") = "Duct.UITests", "tests\Duct.UITests\Duct.UITests.csproj", "{7E127B6F-8F21-4AE1-BAE3-CDB2992F697D}"
EndProject
Project("{FAE04EC0-301F-11D3-BF4B-00C04F79EFBC}") = "FlexPanelGallery", "samples\FlexPanelGallery\FlexPanelGallery.csproj", "{547D17DA-0A33-478F-8934-3CC1F5B6F816}"
EndProject
Project("{2150E333-8FDC-42A3-9474-1A3956D46DE8}") = "regedit-winui", "regedit-winui", "{E1A2B3C4-D5E6-F789-0123-456789ABCDE0}"
EndProject
Project("{FAE04EC0-301F-11D3-BF4B-00C04F79EFBC}") = "RegeditWinUI", "samples\apps\regedit-winui\RegeditWinUI.csproj", "{F1E2D3C4-B5A6-9780-1234-56789ABCDEF0}"
EndProject
Project("{2150E333-8FDC-42A3-9474-1A3956D46DE8}") = "monaco-editor", "monaco-editor", "{B4A7C2E1-3D5F-4A8B-9C6D-E0F1A2B3C4D5}"
EndProject
Project("{FAE04EC0-301F-11D3-BF4B-00C04F79EFBC}") = "MonacoEditorApp", "samples\apps\monaco-editor\MonacoEditorApp.csproj", "{C5D6E7F8-A9B0-1234-5678-9ABCDEF01234}"
EndProject
Project("{2150E333-8FDC-42A3-9474-1A3956D46DE8}") = "stress_perf", "stress_perf", "{B899CF64-C19C-0C08-9E9A-B3F6D048BA53}"
EndProject
Project("{FAE04EC0-301F-11D3-BF4B-00C04F79EFBC}") = "StressPerf.Shared", "tests\stress_perf\StressPerf.Shared\StressPerf.Shared.csproj", "{3558156D-A20F-451A-A59A-8D11D81C6CB7}"
EndProject
Project("{FAE04EC0-301F-11D3-BF4B-00C04F79EFBC}") = "StressPerf.Direct", "tests\stress_perf\StressPerf.Direct\StressPerf.Direct.csproj", "{E21C1E62-3135-4577-8130-9023A2D8E0AE}"
EndProject
Project("{FAE04EC0-301F-11D3-BF4B-00C04F79EFBC}") = "StressPerf.Bound", "tests\stress_perf\StressPerf.Bound\StressPerf.Bound.csproj", "{FE122C30-D3DF-4AA9-9EAD-B63C804D42C7}"
EndProject
Project("{FAE04EC0-301F-11D3-BF4B-00C04F79EFBC}") = "StressPerf.Duct", "tests\stress_perf\StressPerf.Duct\StressPerf.Duct.csproj", "{1CBE61F7-04BC-44FE-B2C9-85A6EF22A653}"
EndProject
Project("{FAE04EC0-301F-11D3-BF4B-00C04F79EFBC}") = "StressPerf.Wpf", "tests\stress_perf\StressPerf.Wpf\StressPerf.Wpf.csproj", "{92A235CE-7700-4A4C-83A2-D1A1FD9BB593}"
EndProject
Project("{FAE04EC0-301F-11D3-BF4B-00C04F79EFBC}") = "StressPerf.DirectX", "tests\stress_perf\StressPerf.DirectX\StressPerf.DirectX.csproj", "{CC8B6B85-4256-403C-B6B6-68DE09C80B54}"
EndProject
Project("{2150E333-8FDC-42A3-9474-1A3956D46DE8}") = "tests", "tests", "{D1E2F3A4-B5C6-7890-1234-56789ABCDEF1}"
EndProject
Project("{FAE04EC0-301F-11D3-BF4B-00C04F79EFBC}") = "TodoApp", "samples\TodoApp\TodoApp.csproj", "{E2F3A4B5-C6D7-8901-2345-6789ABCDEF12}"
EndProject
Project("{FAE04EC0-301F-11D3-BF4B-00C04F79EFBC}") = "DuctD3", "DuctD3\DuctD3.csproj", "{E18E9362-A08B-4475-A538-387E7BD63411}"
EndProject
Project("{FAE04EC0-301F-11D3-BF4B-00C04F79EFBC}") = "DuctD3.Gallery", "samples\DuctD3.Gallery\DuctD3.Gallery.csproj", "{D427B721-94E7-4BFE-B7FC-BF962DFF35B5}"
EndProject
Project("{FAE04EC0-301F-11D3-BF4B-00C04F79EFBC}") = "DuctD3.Sample", "samples\DuctD3.Sample\DuctD3.Sample.csproj", "{8CFDE6EF-55E9-4D29-A38D-52338BAAD484}"
EndProject
Project("{FAE04EC0-301F-11D3-BF4B-00C04F79EFBC}") = "DuctD3.Tests", "tests\DuctD3.Tests\DuctD3.Tests.csproj", "{AB5F71EF-1207-43EB-8F2A-CA71B69E9A9D}"
EndProject
Project("{FAE04EC0-301F-11D3-BF4B-00C04F79EFBC}") = "Duct.Preview", "Duct.Preview\Duct.Preview.csproj", "{170EDDE1-9B8F-41FD-B34F-BE59E36D4D6C}"
EndProject
Global
	GlobalSection(SolutionConfigurationPlatforms) = preSolution
		Debug|ARM64 = Debug|ARM64
		Debug|x64 = Debug|x64
		Debug|Any CPU = Debug|Any CPU
		Debug|x86 = Debug|x86
		Release|ARM64 = Release|ARM64
		Release|x64 = Release|x64
		Release|Any CPU = Release|Any CPU
		Release|x86 = Release|x86
	EndGlobalSection
	GlobalSection(ProjectConfigurationPlatforms) = postSolution
		{A1B2C3D4-E5F6-7890-ABCD-EF1234567890}.Debug|ARM64.ActiveCfg = Debug|ARM64
		{A1B2C3D4-E5F6-7890-ABCD-EF1234567890}.Debug|ARM64.Build.0 = Debug|ARM64
		{A1B2C3D4-E5F6-7890-ABCD-EF1234567890}.Debug|x64.ActiveCfg = Debug|x64
		{A1B2C3D4-E5F6-7890-ABCD-EF1234567890}.Debug|x64.Build.0 = Debug|x64
		{A1B2C3D4-E5F6-7890-ABCD-EF1234567890}.Debug|Any CPU.ActiveCfg = Debug|Any CPU
		{A1B2C3D4-E5F6-7890-ABCD-EF1234567890}.Debug|Any CPU.Build.0 = Debug|Any CPU
		{A1B2C3D4-E5F6-7890-ABCD-EF1234567890}.Debug|x86.ActiveCfg = Debug|Any CPU
		{A1B2C3D4-E5F6-7890-ABCD-EF1234567890}.Debug|x86.Build.0 = Debug|Any CPU
		{A1B2C3D4-E5F6-7890-ABCD-EF1234567890}.Release|ARM64.ActiveCfg = Release|ARM64
		{A1B2C3D4-E5F6-7890-ABCD-EF1234567890}.Release|ARM64.Build.0 = Release|ARM64
		{A1B2C3D4-E5F6-7890-ABCD-EF1234567890}.Release|x64.ActiveCfg = Release|x64
		{A1B2C3D4-E5F6-7890-ABCD-EF1234567890}.Release|x64.Build.0 = Release|x64
		{A1B2C3D4-E5F6-7890-ABCD-EF1234567890}.Release|Any CPU.ActiveCfg = Release|Any CPU
		{A1B2C3D4-E5F6-7890-ABCD-EF1234567890}.Release|Any CPU.Build.0 = Release|Any CPU
		{A1B2C3D4-E5F6-7890-ABCD-EF1234567890}.Release|x86.ActiveCfg = Release|Any CPU
		{A1B2C3D4-E5F6-7890-ABCD-EF1234567890}.Release|x86.Build.0 = Release|Any CPU
		{B2C3D4E5-F6A7-8901-BCDE-F12345678901}.Debug|ARM64.ActiveCfg = Debug|ARM64
		{B2C3D4E5-F6A7-8901-BCDE-F12345678901}.Debug|ARM64.Build.0 = Debug|ARM64
		{B2C3D4E5-F6A7-8901-BCDE-F12345678901}.Debug|x64.ActiveCfg = Debug|x64
		{B2C3D4E5-F6A7-8901-BCDE-F12345678901}.Debug|x64.Build.0 = Debug|x64
		{B2C3D4E5-F6A7-8901-BCDE-F12345678901}.Debug|Any CPU.ActiveCfg = Debug|Any CPU
		{B2C3D4E5-F6A7-8901-BCDE-F12345678901}.Debug|Any CPU.Build.0 = Debug|Any CPU
		{B2C3D4E5-F6A7-8901-BCDE-F12345678901}.Debug|x86.ActiveCfg = Debug|Any CPU
		{B2C3D4E5-F6A7-8901-BCDE-F12345678901}.Debug|x86.Build.0 = Debug|Any CPU
		{B2C3D4E5-F6A7-8901-BCDE-F12345678901}.Release|ARM64.ActiveCfg = Release|ARM64
		{B2C3D4E5-F6A7-8901-BCDE-F12345678901}.Release|ARM64.Build.0 = Release|ARM64
		{B2C3D4E5-F6A7-8901-BCDE-F12345678901}.Release|x64.ActiveCfg = Release|x64
		{B2C3D4E5-F6A7-8901-BCDE-F12345678901}.Release|x64.Build.0 = Release|x64
		{B2C3D4E5-F6A7-8901-BCDE-F12345678901}.Release|Any CPU.ActiveCfg = Release|Any CPU
		{B2C3D4E5-F6A7-8901-BCDE-F12345678901}.Release|Any CPU.Build.0 = Release|Any CPU
		{B2C3D4E5-F6A7-8901-BCDE-F12345678901}.Release|x86.ActiveCfg = Release|Any CPU
		{B2C3D4E5-F6A7-8901-BCDE-F12345678901}.Release|x86.Build.0 = Release|Any CPU
		{BECE152A-C79A-24E0-5DB2-BE051EA90679}.Debug|ARM64.ActiveCfg = Debug|ARM64
		{BECE152A-C79A-24E0-5DB2-BE051EA90679}.Debug|ARM64.Build.0 = Debug|ARM64
		{BECE152A-C79A-24E0-5DB2-BE051EA90679}.Debug|x64.ActiveCfg = Debug|x64
		{BECE152A-C79A-24E0-5DB2-BE051EA90679}.Debug|x64.Build.0 = Debug|x64
		{BECE152A-C79A-24E0-5DB2-BE051EA90679}.Debug|Any CPU.ActiveCfg = Debug|Any CPU
		{BECE152A-C79A-24E0-5DB2-BE051EA90679}.Debug|Any CPU.Build.0 = Debug|Any CPU
		{BECE152A-C79A-24E0-5DB2-BE051EA90679}.Debug|x86.ActiveCfg = Debug|Any CPU
		{BECE152A-C79A-24E0-5DB2-BE051EA90679}.Debug|x86.Build.0 = Debug|Any CPU
		{BECE152A-C79A-24E0-5DB2-BE051EA90679}.Release|ARM64.ActiveCfg = Release|ARM64
		{BECE152A-C79A-24E0-5DB2-BE051EA90679}.Release|ARM64.Build.0 = Release|ARM64
		{BECE152A-C79A-24E0-5DB2-BE051EA90679}.Release|x64.ActiveCfg = Release|x64
		{BECE152A-C79A-24E0-5DB2-BE051EA90679}.Release|x64.Build.0 = Release|x64
		{BECE152A-C79A-24E0-5DB2-BE051EA90679}.Release|Any CPU.ActiveCfg = Release|Any CPU
		{BECE152A-C79A-24E0-5DB2-BE051EA90679}.Release|Any CPU.Build.0 = Release|Any CPU
		{BECE152A-C79A-24E0-5DB2-BE051EA90679}.Release|x86.ActiveCfg = Release|Any CPU
		{BECE152A-C79A-24E0-5DB2-BE051EA90679}.Release|x86.Build.0 = Release|Any CPU
		{F81B468C-EF75-4BF9-A7F6-08B716392575}.Debug|ARM64.ActiveCfg = Debug|ARM64
		{F81B468C-EF75-4BF9-A7F6-08B716392575}.Debug|ARM64.Build.0 = Debug|ARM64
		{F81B468C-EF75-4BF9-A7F6-08B716392575}.Debug|x64.ActiveCfg = Debug|x64
		{F81B468C-EF75-4BF9-A7F6-08B716392575}.Debug|x64.Build.0 = Debug|x64
		{F81B468C-EF75-4BF9-A7F6-08B716392575}.Debug|Any CPU.ActiveCfg = Debug|x64
		{F81B468C-EF75-4BF9-A7F6-08B716392575}.Debug|Any CPU.Build.0 = Debug|x64
		{F81B468C-EF75-4BF9-A7F6-08B716392575}.Debug|x86.ActiveCfg = Debug|x64
		{F81B468C-EF75-4BF9-A7F6-08B716392575}.Debug|x86.Build.0 = Debug|x64
		{F81B468C-EF75-4BF9-A7F6-08B716392575}.Release|ARM64.ActiveCfg = Release|ARM64
		{F81B468C-EF75-4BF9-A7F6-08B716392575}.Release|ARM64.Build.0 = Release|ARM64
		{F81B468C-EF75-4BF9-A7F6-08B716392575}.Release|x64.ActiveCfg = Release|x64
		{F81B468C-EF75-4BF9-A7F6-08B716392575}.Release|x64.Build.0 = Release|x64
		{F81B468C-EF75-4BF9-A7F6-08B716392575}.Release|Any CPU.ActiveCfg = Release|x64
		{F81B468C-EF75-4BF9-A7F6-08B716392575}.Release|Any CPU.Build.0 = Release|x64
		{F81B468C-EF75-4BF9-A7F6-08B716392575}.Release|x86.ActiveCfg = Release|x64
		{F81B468C-EF75-4BF9-A7F6-08B716392575}.Release|x86.Build.0 = Release|x64
		{10FAAB08-2527-4869-960E-D3AB3600E5C9}.Debug|ARM64.ActiveCfg = Debug|ARM64
		{10FAAB08-2527-4869-960E-D3AB3600E5C9}.Debug|ARM64.Build.0 = Debug|ARM64
		{10FAAB08-2527-4869-960E-D3AB3600E5C9}.Debug|x64.ActiveCfg = Debug|x64
		{10FAAB08-2527-4869-960E-D3AB3600E5C9}.Debug|x64.Build.0 = Debug|x64
		{10FAAB08-2527-4869-960E-D3AB3600E5C9}.Debug|Any CPU.ActiveCfg = Debug|x64
		{10FAAB08-2527-4869-960E-D3AB3600E5C9}.Debug|Any CPU.Build.0 = Debug|x64
		{10FAAB08-2527-4869-960E-D3AB3600E5C9}.Debug|x86.ActiveCfg = Debug|x64
		{10FAAB08-2527-4869-960E-D3AB3600E5C9}.Debug|x86.Build.0 = Debug|x64
		{10FAAB08-2527-4869-960E-D3AB3600E5C9}.Release|ARM64.ActiveCfg = Release|ARM64
		{10FAAB08-2527-4869-960E-D3AB3600E5C9}.Release|ARM64.Build.0 = Release|ARM64
		{10FAAB08-2527-4869-960E-D3AB3600E5C9}.Release|x64.ActiveCfg = Release|x64
		{10FAAB08-2527-4869-960E-D3AB3600E5C9}.Release|x64.Build.0 = Release|x64
		{10FAAB08-2527-4869-960E-D3AB3600E5C9}.Release|Any CPU.ActiveCfg = Release|x64
		{10FAAB08-2527-4869-960E-D3AB3600E5C9}.Release|Any CPU.Build.0 = Release|x64
		{10FAAB08-2527-4869-960E-D3AB3600E5C9}.Release|x86.ActiveCfg = Release|x64
		{10FAAB08-2527-4869-960E-D3AB3600E5C9}.Release|x86.Build.0 = Release|x64
		{62CDF797-49E4-4226-A710-2568EADF346B}.Debug|ARM64.ActiveCfg = Debug|Any CPU
		{62CDF797-49E4-4226-A710-2568EADF346B}.Debug|ARM64.Build.0 = Debug|Any CPU
		{62CDF797-49E4-4226-A710-2568EADF346B}.Debug|x64.ActiveCfg = Debug|Any CPU
		{62CDF797-49E4-4226-A710-2568EADF346B}.Debug|x64.Build.0 = Debug|Any CPU
		{62CDF797-49E4-4226-A710-2568EADF346B}.Debug|Any CPU.ActiveCfg = Debug|Any CPU
		{62CDF797-49E4-4226-A710-2568EADF346B}.Debug|Any CPU.Build.0 = Debug|Any CPU
		{62CDF797-49E4-4226-A710-2568EADF346B}.Debug|x86.ActiveCfg = Debug|Any CPU
		{62CDF797-49E4-4226-A710-2568EADF346B}.Debug|x86.Build.0 = Debug|Any CPU
		{62CDF797-49E4-4226-A710-2568EADF346B}.Release|ARM64.ActiveCfg = Release|Any CPU
		{62CDF797-49E4-4226-A710-2568EADF346B}.Release|ARM64.Build.0 = Release|Any CPU
		{62CDF797-49E4-4226-A710-2568EADF346B}.Release|x64.ActiveCfg = Release|Any CPU
		{62CDF797-49E4-4226-A710-2568EADF346B}.Release|x64.Build.0 = Release|Any CPU
		{62CDF797-49E4-4226-A710-2568EADF346B}.Release|Any CPU.ActiveCfg = Release|Any CPU
		{62CDF797-49E4-4226-A710-2568EADF346B}.Release|Any CPU.Build.0 = Release|Any CPU
		{62CDF797-49E4-4226-A710-2568EADF346B}.Release|x86.ActiveCfg = Release|Any CPU
		{62CDF797-49E4-4226-A710-2568EADF346B}.Release|x86.Build.0 = Release|Any CPU
		{A2F23665-07D8-48FC-B163-0C4BBB9C16FC}.Debug|ARM64.ActiveCfg = Debug|ARM64
		{A2F23665-07D8-48FC-B163-0C4BBB9C16FC}.Debug|ARM64.Build.0 = Debug|ARM64
		{A2F23665-07D8-48FC-B163-0C4BBB9C16FC}.Debug|x64.ActiveCfg = Debug|x64
		{A2F23665-07D8-48FC-B163-0C4BBB9C16FC}.Debug|x64.Build.0 = Debug|x64
		{A2F23665-07D8-48FC-B163-0C4BBB9C16FC}.Debug|Any CPU.ActiveCfg = Debug|x64
		{A2F23665-07D8-48FC-B163-0C4BBB9C16FC}.Debug|Any CPU.Build.0 = Debug|x64
		{A2F23665-07D8-48FC-B163-0C4BBB9C16FC}.Debug|x86.ActiveCfg = Debug|x64
		{A2F23665-07D8-48FC-B163-0C4BBB9C16FC}.Debug|x86.Build.0 = Debug|x64
		{A2F23665-07D8-48FC-B163-0C4BBB9C16FC}.Release|ARM64.ActiveCfg = Release|ARM64
		{A2F23665-07D8-48FC-B163-0C4BBB9C16FC}.Release|ARM64.Build.0 = Release|ARM64
		{A2F23665-07D8-48FC-B163-0C4BBB9C16FC}.Release|x64.ActiveCfg = Release|x64
		{A2F23665-07D8-48FC-B163-0C4BBB9C16FC}.Release|x64.Build.0 = Release|x64
		{A2F23665-07D8-48FC-B163-0C4BBB9C16FC}.Release|Any CPU.ActiveCfg = Release|x64
		{A2F23665-07D8-48FC-B163-0C4BBB9C16FC}.Release|Any CPU.Build.0 = Release|x64
		{A2F23665-07D8-48FC-B163-0C4BBB9C16FC}.Release|x86.ActiveCfg = Release|x64
		{A2F23665-07D8-48FC-B163-0C4BBB9C16FC}.Release|x86.Build.0 = Release|x64
		{D4E5F6A7-B8C9-0123-DEF4-567890ABCDEF}.Debug|ARM64.ActiveCfg = Debug|ARM64
		{D4E5F6A7-B8C9-0123-DEF4-567890ABCDEF}.Debug|ARM64.Build.0 = Debug|ARM64
		{D4E5F6A7-B8C9-0123-DEF4-567890ABCDEF}.Debug|x64.ActiveCfg = Debug|x64
		{D4E5F6A7-B8C9-0123-DEF4-567890ABCDEF}.Debug|x64.Build.0 = Debug|x64
		{D4E5F6A7-B8C9-0123-DEF4-567890ABCDEF}.Debug|Any CPU.ActiveCfg = Debug|x64
		{D4E5F6A7-B8C9-0123-DEF4-567890ABCDEF}.Debug|Any CPU.Build.0 = Debug|x64
		{D4E5F6A7-B8C9-0123-DEF4-567890ABCDEF}.Debug|x86.ActiveCfg = Debug|x64
		{D4E5F6A7-B8C9-0123-DEF4-567890ABCDEF}.Debug|x86.Build.0 = Debug|x64
		{D4E5F6A7-B8C9-0123-DEF4-567890ABCDEF}.Release|ARM64.ActiveCfg = Release|ARM64
		{D4E5F6A7-B8C9-0123-DEF4-567890ABCDEF}.Release|ARM64.Build.0 = Release|ARM64
		{D4E5F6A7-B8C9-0123-DEF4-567890ABCDEF}.Release|x64.ActiveCfg = Release|x64
		{D4E5F6A7-B8C9-0123-DEF4-567890ABCDEF}.Release|x64.Build.0 = Release|x64
		{D4E5F6A7-B8C9-0123-DEF4-567890ABCDEF}.Release|Any CPU.ActiveCfg = Release|x64
		{D4E5F6A7-B8C9-0123-DEF4-567890ABCDEF}.Release|Any CPU.Build.0 = Release|x64
		{D4E5F6A7-B8C9-0123-DEF4-567890ABCDEF}.Release|x86.ActiveCfg = Release|x64
		{D4E5F6A7-B8C9-0123-DEF4-567890ABCDEF}.Release|x86.Build.0 = Release|x64
		{7E127B6F-8F21-4AE1-BAE3-CDB2992F697D}.Debug|ARM64.ActiveCfg = Debug|ARM64
		{7E127B6F-8F21-4AE1-BAE3-CDB2992F697D}.Debug|ARM64.Build.0 = Debug|ARM64
		{7E127B6F-8F21-4AE1-BAE3-CDB2992F697D}.Debug|x64.ActiveCfg = Debug|x64
		{7E127B6F-8F21-4AE1-BAE3-CDB2992F697D}.Debug|x64.Build.0 = Debug|x64
		{7E127B6F-8F21-4AE1-BAE3-CDB2992F697D}.Debug|Any CPU.ActiveCfg = Debug|x64
		{7E127B6F-8F21-4AE1-BAE3-CDB2992F697D}.Debug|Any CPU.Build.0 = Debug|x64
		{7E127B6F-8F21-4AE1-BAE3-CDB2992F697D}.Debug|x86.ActiveCfg = Debug|x64
		{7E127B6F-8F21-4AE1-BAE3-CDB2992F697D}.Debug|x86.Build.0 = Debug|x64
		{7E127B6F-8F21-4AE1-BAE3-CDB2992F697D}.Release|ARM64.ActiveCfg = Release|ARM64
		{7E127B6F-8F21-4AE1-BAE3-CDB2992F697D}.Release|ARM64.Build.0 = Release|ARM64
		{7E127B6F-8F21-4AE1-BAE3-CDB2992F697D}.Release|x64.ActiveCfg = Release|x64
		{7E127B6F-8F21-4AE1-BAE3-CDB2992F697D}.Release|x64.Build.0 = Release|x64
		{7E127B6F-8F21-4AE1-BAE3-CDB2992F697D}.Release|Any CPU.ActiveCfg = Release|x64
		{7E127B6F-8F21-4AE1-BAE3-CDB2992F697D}.Release|Any CPU.Build.0 = Release|x64
		{7E127B6F-8F21-4AE1-BAE3-CDB2992F697D}.Release|x86.ActiveCfg = Release|x64
		{7E127B6F-8F21-4AE1-BAE3-CDB2992F697D}.Release|x86.Build.0 = Release|x64
		{547D17DA-0A33-478F-8934-3CC1F5B6F816}.Debug|ARM64.ActiveCfg = Debug|ARM64
		{547D17DA-0A33-478F-8934-3CC1F5B6F816}.Debug|ARM64.Build.0 = Debug|ARM64
		{547D17DA-0A33-478F-8934-3CC1F5B6F816}.Debug|x64.ActiveCfg = Debug|x64
		{547D17DA-0A33-478F-8934-3CC1F5B6F816}.Debug|x64.Build.0 = Debug|x64
		{547D17DA-0A33-478F-8934-3CC1F5B6F816}.Debug|Any CPU.ActiveCfg = Debug|x64
		{547D17DA-0A33-478F-8934-3CC1F5B6F816}.Debug|Any CPU.Build.0 = Debug|x64
		{547D17DA-0A33-478F-8934-3CC1F5B6F816}.Debug|x86.ActiveCfg = Debug|x64
		{547D17DA-0A33-478F-8934-3CC1F5B6F816}.Debug|x86.Build.0 = Debug|x64
		{547D17DA-0A33-478F-8934-3CC1F5B6F816}.Release|ARM64.ActiveCfg = Release|ARM64
		{547D17DA-0A33-478F-8934-3CC1F5B6F816}.Release|ARM64.Build.0 = Release|ARM64
		{547D17DA-0A33-478F-8934-3CC1F5B6F816}.Release|x64.ActiveCfg = Release|x64
		{547D17DA-0A33-478F-8934-3CC1F5B6F816}.Release|x64.Build.0 = Release|x64
		{547D17DA-0A33-478F-8934-3CC1F5B6F816}.Release|Any CPU.ActiveCfg = Release|x64
		{547D17DA-0A33-478F-8934-3CC1F5B6F816}.Release|Any CPU.Build.0 = Release|x64
		{547D17DA-0A33-478F-8934-3CC1F5B6F816}.Release|x86.ActiveCfg = Release|x64
		{547D17DA-0A33-478F-8934-3CC1F5B6F816}.Release|x86.Build.0 = Release|x64
		{F1E2D3C4-B5A6-9780-1234-56789ABCDEF0}.Debug|ARM64.ActiveCfg = Debug|ARM64
		{F1E2D3C4-B5A6-9780-1234-56789ABCDEF0}.Debug|ARM64.Build.0 = Debug|ARM64
		{F1E2D3C4-B5A6-9780-1234-56789ABCDEF0}.Debug|x64.ActiveCfg = Debug|x64
		{F1E2D3C4-B5A6-9780-1234-56789ABCDEF0}.Debug|x64.Build.0 = Debug|x64
		{F1E2D3C4-B5A6-9780-1234-56789ABCDEF0}.Debug|Any CPU.ActiveCfg = Debug|x64
		{F1E2D3C4-B5A6-9780-1234-56789ABCDEF0}.Debug|Any CPU.Build.0 = Debug|x64
		{F1E2D3C4-B5A6-9780-1234-56789ABCDEF0}.Debug|x86.ActiveCfg = Debug|x64
		{F1E2D3C4-B5A6-9780-1234-56789ABCDEF0}.Debug|x86.Build.0 = Debug|x64
		{F1E2D3C4-B5A6-9780-1234-56789ABCDEF0}.Release|ARM64.ActiveCfg = Release|ARM64
		{F1E2D3C4-B5A6-9780-1234-56789ABCDEF0}.Release|ARM64.Build.0 = Release|ARM64
		{F1E2D3C4-B5A6-9780-1234-56789ABCDEF0}.Release|x64.ActiveCfg = Release|x64
		{F1E2D3C4-B5A6-9780-1234-56789ABCDEF0}.Release|x64.Build.0 = Release|x64
		{F1E2D3C4-B5A6-9780-1234-56789ABCDEF0}.Release|Any CPU.ActiveCfg = Release|x64
		{F1E2D3C4-B5A6-9780-1234-56789ABCDEF0}.Release|Any CPU.Build.0 = Release|x64
		{F1E2D3C4-B5A6-9780-1234-56789ABCDEF0}.Release|x86.ActiveCfg = Release|x64
		{F1E2D3C4-B5A6-9780-1234-56789ABCDEF0}.Release|x86.Build.0 = Release|x64
		{C5D6E7F8-A9B0-1234-5678-9ABCDEF01234}.Debug|ARM64.ActiveCfg = Debug|ARM64
		{C5D6E7F8-A9B0-1234-5678-9ABCDEF01234}.Debug|ARM64.Build.0 = Debug|ARM64
		{C5D6E7F8-A9B0-1234-5678-9ABCDEF01234}.Debug|x64.ActiveCfg = Debug|x64
		{C5D6E7F8-A9B0-1234-5678-9ABCDEF01234}.Debug|x64.Build.0 = Debug|x64
		{C5D6E7F8-A9B0-1234-5678-9ABCDEF01234}.Debug|Any CPU.ActiveCfg = Debug|x64
		{C5D6E7F8-A9B0-1234-5678-9ABCDEF01234}.Debug|Any CPU.Build.0 = Debug|x64
		{C5D6E7F8-A9B0-1234-5678-9ABCDEF01234}.Debug|x86.ActiveCfg = Debug|x64
		{C5D6E7F8-A9B0-1234-5678-9ABCDEF01234}.Debug|x86.Build.0 = Debug|x64
		{C5D6E7F8-A9B0-1234-5678-9ABCDEF01234}.Release|ARM64.ActiveCfg = Release|ARM64
		{C5D6E7F8-A9B0-1234-5678-9ABCDEF01234}.Release|ARM64.Build.0 = Release|ARM64
		{C5D6E7F8-A9B0-1234-5678-9ABCDEF01234}.Release|x64.ActiveCfg = Release|x64
		{C5D6E7F8-A9B0-1234-5678-9ABCDEF01234}.Release|x64.Build.0 = Release|x64
		{C5D6E7F8-A9B0-1234-5678-9ABCDEF01234}.Release|Any CPU.ActiveCfg = Release|x64
		{C5D6E7F8-A9B0-1234-5678-9ABCDEF01234}.Release|Any CPU.Build.0 = Release|x64
		{C5D6E7F8-A9B0-1234-5678-9ABCDEF01234}.Release|x86.ActiveCfg = Release|x64
		{C5D6E7F8-A9B0-1234-5678-9ABCDEF01234}.Release|x86.Build.0 = Release|x64
		{3558156D-A20F-451A-A59A-8D11D81C6CB7}.Debug|ARM64.ActiveCfg = Debug|ARM64
		{3558156D-A20F-451A-A59A-8D11D81C6CB7}.Debug|ARM64.Build.0 = Debug|ARM64
		{3558156D-A20F-451A-A59A-8D11D81C6CB7}.Debug|x64.ActiveCfg = Debug|x64
		{3558156D-A20F-451A-A59A-8D11D81C6CB7}.Debug|x64.Build.0 = Debug|x64
		{3558156D-A20F-451A-A59A-8D11D81C6CB7}.Debug|Any CPU.ActiveCfg = Debug|x64
		{3558156D-A20F-451A-A59A-8D11D81C6CB7}.Debug|Any CPU.Build.0 = Debug|x64
		{3558156D-A20F-451A-A59A-8D11D81C6CB7}.Debug|x86.ActiveCfg = Debug|x64
		{3558156D-A20F-451A-A59A-8D11D81C6CB7}.Debug|x86.Build.0 = Debug|x64
		{3558156D-A20F-451A-A59A-8D11D81C6CB7}.Release|ARM64.ActiveCfg = Release|ARM64
		{3558156D-A20F-451A-A59A-8D11D81C6CB7}.Release|ARM64.Build.0 = Release|ARM64
		{3558156D-A20F-451A-A59A-8D11D81C6CB7}.Release|x64.ActiveCfg = Release|x64
		{3558156D-A20F-451A-A59A-8D11D81C6CB7}.Release|x64.Build.0 = Release|x64
		{3558156D-A20F-451A-A59A-8D11D81C6CB7}.Release|Any CPU.ActiveCfg = Release|x64
		{3558156D-A20F-451A-A59A-8D11D81C6CB7}.Release|Any CPU.Build.0 = Release|x64
		{3558156D-A20F-451A-A59A-8D11D81C6CB7}.Release|x86.ActiveCfg = Release|x64
		{3558156D-A20F-451A-A59A-8D11D81C6CB7}.Release|x86.Build.0 = Release|x64
		{E21C1E62-3135-4577-8130-9023A2D8E0AE}.Debug|ARM64.ActiveCfg = Debug|ARM64
		{E21C1E62-3135-4577-8130-9023A2D8E0AE}.Debug|ARM64.Build.0 = Debug|ARM64
		{E21C1E62-3135-4577-8130-9023A2D8E0AE}.Debug|x64.ActiveCfg = Debug|x64
		{E21C1E62-3135-4577-8130-9023A2D8E0AE}.Debug|x64.Build.0 = Debug|x64
		{E21C1E62-3135-4577-8130-9023A2D8E0AE}.Debug|Any CPU.ActiveCfg = Debug|x64
		{E21C1E62-3135-4577-8130-9023A2D8E0AE}.Debug|Any CPU.Build.0 = Debug|x64
		{E21C1E62-3135-4577-8130-9023A2D8E0AE}.Debug|x86.ActiveCfg = Debug|x64
		{E21C1E62-3135-4577-8130-9023A2D8E0AE}.Debug|x86.Build.0 = Debug|x64
		{E21C1E62-3135-4577-8130-9023A2D8E0AE}.Release|ARM64.ActiveCfg = Release|ARM64
		{E21C1E62-3135-4577-8130-9023A2D8E0AE}.Release|ARM64.Build.0 = Release|ARM64
		{E21C1E62-3135-4577-8130-9023A2D8E0AE}.Release|x64.ActiveCfg = Release|x64
		{E21C1E62-3135-4577-8130-9023A2D8E0AE}.Release|x64.Build.0 = Release|x64
		{E21C1E62-3135-4577-8130-9023A2D8E0AE}.Release|Any CPU.ActiveCfg = Release|x64
		{E21C1E62-3135-4577-8130-9023A2D8E0AE}.Release|Any CPU.Build.0 = Release|x64
		{E21C1E62-3135-4577-8130-9023A2D8E0AE}.Release|x86.ActiveCfg = Release|x64
		{E21C1E62-3135-4577-8130-9023A2D8E0AE}.Release|x86.Build.0 = Release|x64
		{FE122C30-D3DF-4AA9-9EAD-B63C804D42C7}.Debug|ARM64.ActiveCfg = Debug|ARM64
		{FE122C30-D3DF-4AA9-9EAD-B63C804D42C7}.Debug|ARM64.Build.0 = Debug|ARM64
		{FE122C30-D3DF-4AA9-9EAD-B63C804D42C7}.Debug|x64.ActiveCfg = Debug|x64
		{FE122C30-D3DF-4AA9-9EAD-B63C804D42C7}.Debug|x64.Build.0 = Debug|x64
		{FE122C30-D3DF-4AA9-9EAD-B63C804D42C7}.Debug|Any CPU.ActiveCfg = Debug|x64
		{FE122C30-D3DF-4AA9-9EAD-B63C804D42C7}.Debug|Any CPU.Build.0 = Debug|x64
		{FE122C30-D3DF-4AA9-9EAD-B63C804D42C7}.Debug|x86.ActiveCfg = Debug|x64
		{FE122C30-D3DF-4AA9-9EAD-B63C804D42C7}.Debug|x86.Build.0 = Debug|x64
		{FE122C30-D3DF-4AA9-9EAD-B63C804D42C7}.Release|ARM64.ActiveCfg = Release|ARM64
		{FE122C30-D3DF-4AA9-9EAD-B63C804D42C7}.Release|ARM64.Build.0 = Release|ARM64
		{FE122C30-D3DF-4AA9-9EAD-B63C804D42C7}.Release|x64.ActiveCfg = Release|x64
		{FE122C30-D3DF-4AA9-9EAD-B63C804D42C7}.Release|x64.Build.0 = Release|x64
		{FE122C30-D3DF-4AA9-9EAD-B63C804D42C7}.Release|Any CPU.ActiveCfg = Release|x64
		{FE122C30-D3DF-4AA9-9EAD-B63C804D42C7}.Release|Any CPU.Build.0 = Release|x64
		{FE122C30-D3DF-4AA9-9EAD-B63C804D42C7}.Release|x86.ActiveCfg = Release|x64
		{FE122C30-D3DF-4AA9-9EAD-B63C804D42C7}.Release|x86.Build.0 = Release|x64
		{1CBE61F7-04BC-44FE-B2C9-85A6EF22A653}.Debug|ARM64.ActiveCfg = Debug|ARM64
		{1CBE61F7-04BC-44FE-B2C9-85A6EF22A653}.Debug|ARM64.Build.0 = Debug|ARM64
		{1CBE61F7-04BC-44FE-B2C9-85A6EF22A653}.Debug|x64.ActiveCfg = Debug|x64
		{1CBE61F7-04BC-44FE-B2C9-85A6EF22A653}.Debug|x64.Build.0 = Debug|x64
		{1CBE61F7-04BC-44FE-B2C9-85A6EF22A653}.Debug|Any CPU.ActiveCfg = Debug|x64
		{1CBE61F7-04BC-44FE-B2C9-85A6EF22A653}.Debug|Any CPU.Build.0 = Debug|x64
		{1CBE61F7-04BC-44FE-B2C9-85A6EF22A653}.Debug|x86.ActiveCfg = Debug|x64
		{1CBE61F7-04BC-44FE-B2C9-85A6EF22A653}.Debug|x86.Build.0 = Debug|x64
		{1CBE61F7-04BC-44FE-B2C9-85A6EF22A653}.Release|ARM64.ActiveCfg = Release|ARM64
		{1CBE61F7-04BC-44FE-B2C9-85A6EF22A653}.Release|ARM64.Build.0 = Release|ARM64
		{1CBE61F7-04BC-44FE-B2C9-85A6EF22A653}.Release|x64.ActiveCfg = Release|x64
		{1CBE61F7-04BC-44FE-B2C9-85A6EF22A653}.Release|x64.Build.0 = Release|x64
		{1CBE61F7-04BC-44FE-B2C9-85A6EF22A653}.Release|Any CPU.ActiveCfg = Release|x64
		{1CBE61F7-04BC-44FE-B2C9-85A6EF22A653}.Release|Any CPU.Build.0 = Release|x64
		{1CBE61F7-04BC-44FE-B2C9-85A6EF22A653}.Release|x86.ActiveCfg = Release|x64
		{1CBE61F7-04BC-44FE-B2C9-85A6EF22A653}.Release|x86.Build.0 = Release|x64
		{92A235CE-7700-4A4C-83A2-D1A1FD9BB593}.Debug|ARM64.ActiveCfg = Debug|ARM64
		{92A235CE-7700-4A4C-83A2-D1A1FD9BB593}.Debug|ARM64.Build.0 = Debug|ARM64
		{92A235CE-7700-4A4C-83A2-D1A1FD9BB593}.Debug|x64.ActiveCfg = Debug|x64
		{92A235CE-7700-4A4C-83A2-D1A1FD9BB593}.Debug|x64.Build.0 = Debug|x64
		{92A235CE-7700-4A4C-83A2-D1A1FD9BB593}.Debug|Any CPU.ActiveCfg = Debug|x64
		{92A235CE-7700-4A4C-83A2-D1A1FD9BB593}.Debug|Any CPU.Build.0 = Debug|x64
		{92A235CE-7700-4A4C-83A2-D1A1FD9BB593}.Debug|x86.ActiveCfg = Debug|x64
		{92A235CE-7700-4A4C-83A2-D1A1FD9BB593}.Debug|x86.Build.0 = Debug|x64
		{92A235CE-7700-4A4C-83A2-D1A1FD9BB593}.Release|ARM64.ActiveCfg = Release|ARM64
		{92A235CE-7700-4A4C-83A2-D1A1FD9BB593}.Release|ARM64.Build.0 = Release|ARM64
		{92A235CE-7700-4A4C-83A2-D1A1FD9BB593}.Release|x64.ActiveCfg = Release|x64
		{92A235CE-7700-4A4C-83A2-D1A1FD9BB593}.Release|x64.Build.0 = Release|x64
		{92A235CE-7700-4A4C-83A2-D1A1FD9BB593}.Release|Any CPU.ActiveCfg = Release|x64
		{92A235CE-7700-4A4C-83A2-D1A1FD9BB593}.Release|Any CPU.Build.0 = Release|x64
		{92A235CE-7700-4A4C-83A2-D1A1FD9BB593}.Release|x86.ActiveCfg = Release|x64
		{92A235CE-7700-4A4C-83A2-D1A1FD9BB593}.Release|x86.Build.0 = Release|x64
		{CC8B6B85-4256-403C-B6B6-68DE09C80B54}.Debug|ARM64.ActiveCfg = Debug|ARM64
		{CC8B6B85-4256-403C-B6B6-68DE09C80B54}.Debug|ARM64.Build.0 = Debug|ARM64
		{CC8B6B85-4256-403C-B6B6-68DE09C80B54}.Debug|x64.ActiveCfg = Debug|x64
		{CC8B6B85-4256-403C-B6B6-68DE09C80B54}.Debug|x64.Build.0 = Debug|x64
		{CC8B6B85-4256-403C-B6B6-68DE09C80B54}.Debug|Any CPU.ActiveCfg = Debug|x64
		{CC8B6B85-4256-403C-B6B6-68DE09C80B54}.Debug|Any CPU.Build.0 = Debug|x64
		{CC8B6B85-4256-403C-B6B6-68DE09C80B54}.Debug|x86.ActiveCfg = Debug|x64
		{CC8B6B85-4256-403C-B6B6-68DE09C80B54}.Debug|x86.Build.0 = Debug|x64
		{CC8B6B85-4256-403C-B6B6-68DE09C80B54}.Release|ARM64.ActiveCfg = Release|ARM64
		{CC8B6B85-4256-403C-B6B6-68DE09C80B54}.Release|ARM64.Build.0 = Release|ARM64
		{CC8B6B85-4256-403C-B6B6-68DE09C80B54}.Release|x64.ActiveCfg = Release|x64
		{CC8B6B85-4256-403C-B6B6-68DE09C80B54}.Release|x64.Build.0 = Release|x64
		{CC8B6B85-4256-403C-B6B6-68DE09C80B54}.Release|Any CPU.ActiveCfg = Release|x64
		{CC8B6B85-4256-403C-B6B6-68DE09C80B54}.Release|Any CPU.Build.0 = Release|x64
		{CC8B6B85-4256-403C-B6B6-68DE09C80B54}.Release|x86.ActiveCfg = Release|x64
		{CC8B6B85-4256-403C-B6B6-68DE09C80B54}.Release|x86.Build.0 = Release|x64
		{E2F3A4B5-C6D7-8901-2345-6789ABCDEF12}.Debug|ARM64.ActiveCfg = Debug|ARM64
		{E2F3A4B5-C6D7-8901-2345-6789ABCDEF12}.Debug|ARM64.Build.0 = Debug|ARM64
		{E2F3A4B5-C6D7-8901-2345-6789ABCDEF12}.Debug|x64.ActiveCfg = Debug|x64
		{E2F3A4B5-C6D7-8901-2345-6789ABCDEF12}.Debug|x64.Build.0 = Debug|x64
		{E2F3A4B5-C6D7-8901-2345-6789ABCDEF12}.Debug|Any CPU.ActiveCfg = Debug|x64
		{E2F3A4B5-C6D7-8901-2345-6789ABCDEF12}.Debug|Any CPU.Build.0 = Debug|x64
		{E2F3A4B5-C6D7-8901-2345-6789ABCDEF12}.Debug|x86.ActiveCfg = Debug|x64
		{E2F3A4B5-C6D7-8901-2345-6789ABCDEF12}.Debug|x86.Build.0 = Debug|x64
		{E2F3A4B5-C6D7-8901-2345-6789ABCDEF12}.Release|ARM64.ActiveCfg = Release|ARM64
		{E2F3A4B5-C6D7-8901-2345-6789ABCDEF12}.Release|ARM64.Build.0 = Release|ARM64
		{E2F3A4B5-C6D7-8901-2345-6789ABCDEF12}.Release|x64.ActiveCfg = Release|x64
		{E2F3A4B5-C6D7-8901-2345-6789ABCDEF12}.Release|x64.Build.0 = Release|x64
		{E2F3A4B5-C6D7-8901-2345-6789ABCDEF12}.Release|Any CPU.ActiveCfg = Release|x64
		{E2F3A4B5-C6D7-8901-2345-6789ABCDEF12}.Release|Any CPU.Build.0 = Release|x64
		{E2F3A4B5-C6D7-8901-2345-6789ABCDEF12}.Release|x86.ActiveCfg = Release|x64
		{E2F3A4B5-C6D7-8901-2345-6789ABCDEF12}.Release|x86.Build.0 = Release|x64
		{E18E9362-A08B-4475-A538-387E7BD63411}.Debug|ARM64.ActiveCfg = Debug|ARM64
		{E18E9362-A08B-4475-A538-387E7BD63411}.Debug|ARM64.Build.0 = Debug|ARM64
		{E18E9362-A08B-4475-A538-387E7BD63411}.Debug|x64.ActiveCfg = Debug|x64
		{E18E9362-A08B-4475-A538-387E7BD63411}.Debug|x64.Build.0 = Debug|x64
		{E18E9362-A08B-4475-A538-387E7BD63411}.Debug|Any CPU.ActiveCfg = Debug|x64
		{E18E9362-A08B-4475-A538-387E7BD63411}.Debug|Any CPU.Build.0 = Debug|x64
		{E18E9362-A08B-4475-A538-387E7BD63411}.Debug|x86.ActiveCfg = Debug|x64
		{E18E9362-A08B-4475-A538-387E7BD63411}.Debug|x86.Build.0 = Debug|x64
		{E18E9362-A08B-4475-A538-387E7BD63411}.Release|ARM64.ActiveCfg = Release|ARM64
		{E18E9362-A08B-4475-A538-387E7BD63411}.Release|ARM64.Build.0 = Release|ARM64
		{E18E9362-A08B-4475-A538-387E7BD63411}.Release|x64.ActiveCfg = Release|x64
		{E18E9362-A08B-4475-A538-387E7BD63411}.Release|x64.Build.0 = Release|x64
		{E18E9362-A08B-4475-A538-387E7BD63411}.Release|Any CPU.ActiveCfg = Release|x64
		{E18E9362-A08B-4475-A538-387E7BD63411}.Release|Any CPU.Build.0 = Release|x64
		{E18E9362-A08B-4475-A538-387E7BD63411}.Release|x86.ActiveCfg = Release|x64
		{E18E9362-A08B-4475-A538-387E7BD63411}.Release|x86.Build.0 = Release|x64
		{D427B721-94E7-4BFE-B7FC-BF962DFF35B5}.Debug|ARM64.ActiveCfg = Debug|ARM64
		{D427B721-94E7-4BFE-B7FC-BF962DFF35B5}.Debug|ARM64.Build.0 = Debug|ARM64
		{D427B721-94E7-4BFE-B7FC-BF962DFF35B5}.Debug|x64.ActiveCfg = Debug|x64
		{D427B721-94E7-4BFE-B7FC-BF962DFF35B5}.Debug|x64.Build.0 = Debug|x64
		{D427B721-94E7-4BFE-B7FC-BF962DFF35B5}.Debug|Any CPU.ActiveCfg = Debug|x64
		{D427B721-94E7-4BFE-B7FC-BF962DFF35B5}.Debug|Any CPU.Build.0 = Debug|x64
		{D427B721-94E7-4BFE-B7FC-BF962DFF35B5}.Debug|x86.ActiveCfg = Debug|x64
		{D427B721-94E7-4BFE-B7FC-BF962DFF35B5}.Debug|x86.Build.0 = Debug|x64
		{D427B721-94E7-4BFE-B7FC-BF962DFF35B5}.Release|ARM64.ActiveCfg = Release|ARM64
		{D427B721-94E7-4BFE-B7FC-BF962DFF35B5}.Release|ARM64.Build.0 = Release|ARM64
		{D427B721-94E7-4BFE-B7FC-BF962DFF35B5}.Release|x64.ActiveCfg = Release|x64
		{D427B721-94E7-4BFE-B7FC-BF962DFF35B5}.Release|x64.Build.0 = Release|x64
		{D427B721-94E7-4BFE-B7FC-BF962DFF35B5}.Release|Any CPU.ActiveCfg = Release|x64
		{D427B721-94E7-4BFE-B7FC-BF962DFF35B5}.Release|Any CPU.Build.0 = Release|x64
		{D427B721-94E7-4BFE-B7FC-BF962DFF35B5}.Release|x86.ActiveCfg = Release|x64
		{D427B721-94E7-4BFE-B7FC-BF962DFF35B5}.Release|x86.Build.0 = Release|x64
		{8CFDE6EF-55E9-4D29-A38D-52338BAAD484}.Debug|ARM64.ActiveCfg = Debug|ARM64
		{8CFDE6EF-55E9-4D29-A38D-52338BAAD484}.Debug|ARM64.Build.0 = Debug|ARM64
		{8CFDE6EF-55E9-4D29-A38D-52338BAAD484}.Debug|x64.ActiveCfg = Debug|x64
		{8CFDE6EF-55E9-4D29-A38D-52338BAAD484}.Debug|x64.Build.0 = Debug|x64
		{8CFDE6EF-55E9-4D29-A38D-52338BAAD484}.Debug|Any CPU.ActiveCfg = Debug|x64
		{8CFDE6EF-55E9-4D29-A38D-52338BAAD484}.Debug|Any CPU.Build.0 = Debug|x64
		{8CFDE6EF-55E9-4D29-A38D-52338BAAD484}.Debug|x86.ActiveCfg = Debug|x64
		{8CFDE6EF-55E9-4D29-A38D-52338BAAD484}.Debug|x86.Build.0 = Debug|x64
		{8CFDE6EF-55E9-4D29-A38D-52338BAAD484}.Release|ARM64.ActiveCfg = Release|ARM64
		{8CFDE6EF-55E9-4D29-A38D-52338BAAD484}.Release|ARM64.Build.0 = Release|ARM64
		{8CFDE6EF-55E9-4D29-A38D-52338BAAD484}.Release|x64.ActiveCfg = Release|x64
		{8CFDE6EF-55E9-4D29-A38D-52338BAAD484}.Release|x64.Build.0 = Release|x64
		{8CFDE6EF-55E9-4D29-A38D-52338BAAD484}.Release|Any CPU.ActiveCfg = Release|x64
		{8CFDE6EF-55E9-4D29-A38D-52338BAAD484}.Release|Any CPU.Build.0 = Release|x64
		{8CFDE6EF-55E9-4D29-A38D-52338BAAD484}.Release|x86.ActiveCfg = Release|x64
		{8CFDE6EF-55E9-4D29-A38D-52338BAAD484}.Release|x86.Build.0 = Release|x64
		{AB5F71EF-1207-43EB-8F2A-CA71B69E9A9D}.Debug|ARM64.ActiveCfg = Debug|ARM64
		{AB5F71EF-1207-43EB-8F2A-CA71B69E9A9D}.Debug|ARM64.Build.0 = Debug|ARM64
		{AB5F71EF-1207-43EB-8F2A-CA71B69E9A9D}.Debug|x64.ActiveCfg = Debug|x64
		{AB5F71EF-1207-43EB-8F2A-CA71B69E9A9D}.Debug|x64.Build.0 = Debug|x64
		{AB5F71EF-1207-43EB-8F2A-CA71B69E9A9D}.Debug|Any CPU.ActiveCfg = Debug|x64
		{AB5F71EF-1207-43EB-8F2A-CA71B69E9A9D}.Debug|Any CPU.Build.0 = Debug|x64
		{AB5F71EF-1207-43EB-8F2A-CA71B69E9A9D}.Debug|x86.ActiveCfg = Debug|x64
		{AB5F71EF-1207-43EB-8F2A-CA71B69E9A9D}.Debug|x86.Build.0 = Debug|x64
		{AB5F71EF-1207-43EB-8F2A-CA71B69E9A9D}.Release|ARM64.ActiveCfg = Release|ARM64
		{AB5F71EF-1207-43EB-8F2A-CA71B69E9A9D}.Release|ARM64.Build.0 = Release|ARM64
		{AB5F71EF-1207-43EB-8F2A-CA71B69E9A9D}.Release|x64.ActiveCfg = Release|x64
		{AB5F71EF-1207-43EB-8F2A-CA71B69E9A9D}.Release|x64.Build.0 = Release|x64
		{AB5F71EF-1207-43EB-8F2A-CA71B69E9A9D}.Release|Any CPU.ActiveCfg = Release|x64
		{AB5F71EF-1207-43EB-8F2A-CA71B69E9A9D}.Release|Any CPU.Build.0 = Release|x64
		{AB5F71EF-1207-43EB-8F2A-CA71B69E9A9D}.Release|x86.ActiveCfg = Release|x64
		{AB5F71EF-1207-43EB-8F2A-CA71B69E9A9D}.Release|x86.Build.0 = Release|x64
		{170EDDE1-9B8F-41FD-B34F-BE59E36D4D6C}.Debug|ARM64.ActiveCfg = Debug|ARM64
		{170EDDE1-9B8F-41FD-B34F-BE59E36D4D6C}.Debug|ARM64.Build.0 = Debug|ARM64
		{170EDDE1-9B8F-41FD-B34F-BE59E36D4D6C}.Debug|x64.ActiveCfg = Debug|x64
		{170EDDE1-9B8F-41FD-B34F-BE59E36D4D6C}.Debug|x64.Build.0 = Debug|x64
		{170EDDE1-9B8F-41FD-B34F-BE59E36D4D6C}.Debug|Any CPU.ActiveCfg = Debug|x64
		{170EDDE1-9B8F-41FD-B34F-BE59E36D4D6C}.Debug|Any CPU.Build.0 = Debug|x64
		{170EDDE1-9B8F-41FD-B34F-BE59E36D4D6C}.Debug|x86.ActiveCfg = Debug|x64
		{170EDDE1-9B8F-41FD-B34F-BE59E36D4D6C}.Debug|x86.Build.0 = Debug|x64
		{170EDDE1-9B8F-41FD-B34F-BE59E36D4D6C}.Release|ARM64.ActiveCfg = Release|ARM64
		{170EDDE1-9B8F-41FD-B34F-BE59E36D4D6C}.Release|ARM64.Build.0 = Release|ARM64
		{170EDDE1-9B8F-41FD-B34F-BE59E36D4D6C}.Release|x64.ActiveCfg = Release|x64
		{170EDDE1-9B8F-41FD-B34F-BE59E36D4D6C}.Release|x64.Build.0 = Release|x64
		{170EDDE1-9B8F-41FD-B34F-BE59E36D4D6C}.Release|Any CPU.ActiveCfg = Release|x64
		{170EDDE1-9B8F-41FD-B34F-BE59E36D4D6C}.Release|Any CPU.Build.0 = Release|x64
		{170EDDE1-9B8F-41FD-B34F-BE59E36D4D6C}.Release|x86.ActiveCfg = Release|x64
		{170EDDE1-9B8F-41FD-B34F-BE59E36D4D6C}.Release|x86.Build.0 = Release|x64
	EndGlobalSection
	GlobalSection(SolutionProperties) = preSolution
		HideSolutionNode = FALSE
	EndGlobalSection
	GlobalSection(NestedProjects) = preSolution
		{B2C3D4E5-F6A7-8901-BCDE-F12345678901} = {D1E2F3A4-B5C6-7890-1234-56789ABCDEF1}
		{BECE152A-C79A-24E0-5DB2-BE051EA90679} = {D1E2F3A4-B5C6-7890-1234-56789ABCDEF1}
		{F81B468C-EF75-4BF9-A7F6-08B716392575} = {D1E2F3A4-B5C6-7890-1234-56789ABCDEF1}
		{2F1648C1-FA56-3C81-D04A-E07825801750} = {5D20AA90-6969-D8BD-9DCD-8634F4692FDA}
		{E9030C00-FF67-603A-B33B-7B335BB11AEC} = {2F1648C1-FA56-3C81-D04A-E07825801750}
		{10FAAB08-2527-4869-960E-D3AB3600E5C9} = {E9030C00-FF67-603A-B33B-7B335BB11AEC}
		{7E6CF6B0-0B2E-9DA2-0313-0F50037052B7} = {2F1648C1-FA56-3C81-D04A-E07825801750}
		{A2F23665-07D8-48FC-B163-0C4BBB9C16FC} = {7E6CF6B0-0B2E-9DA2-0313-0F50037052B7}
		{C3A1B2D4-5E6F-7890-AB12-CD34EF567890} = {2F1648C1-FA56-3C81-D04A-E07825801750}
		{D4E5F6A7-B8C9-0123-DEF4-567890ABCDEF} = {C3A1B2D4-5E6F-7890-AB12-CD34EF567890}
		{7E127B6F-8F21-4AE1-BAE3-CDB2992F697D} = {D1E2F3A4-B5C6-7890-1234-56789ABCDEF1}
		{547D17DA-0A33-478F-8934-3CC1F5B6F816} = {5D20AA90-6969-D8BD-9DCD-8634F4692FDA}
		{E1A2B3C4-D5E6-F789-0123-456789ABCDE0} = {2F1648C1-FA56-3C81-D04A-E07825801750}
		{F1E2D3C4-B5A6-9780-1234-56789ABCDEF0} = {E1A2B3C4-D5E6-F789-0123-456789ABCDE0}
		{B4A7C2E1-3D5F-4A8B-9C6D-E0F1A2B3C4D5} = {2F1648C1-FA56-3C81-D04A-E07825801750}
		{C5D6E7F8-A9B0-1234-5678-9ABCDEF01234} = {B4A7C2E1-3D5F-4A8B-9C6D-E0F1A2B3C4D5}
		{B899CF64-C19C-0C08-9E9A-B3F6D048BA53} = {D1E2F3A4-B5C6-7890-1234-56789ABCDEF1}
		{3558156D-A20F-451A-A59A-8D11D81C6CB7} = {B899CF64-C19C-0C08-9E9A-B3F6D048BA53}
		{E21C1E62-3135-4577-8130-9023A2D8E0AE} = {B899CF64-C19C-0C08-9E9A-B3F6D048BA53}
		{FE122C30-D3DF-4AA9-9EAD-B63C804D42C7} = {B899CF64-C19C-0C08-9E9A-B3F6D048BA53}
		{1CBE61F7-04BC-44FE-B2C9-85A6EF22A653} = {B899CF64-C19C-0C08-9E9A-B3F6D048BA53}
		{92A235CE-7700-4A4C-83A2-D1A1FD9BB593} = {B899CF64-C19C-0C08-9E9A-B3F6D048BA53}
		{CC8B6B85-4256-403C-B6B6-68DE09C80B54} = {B899CF64-C19C-0C08-9E9A-B3F6D048BA53}
		{E2F3A4B5-C6D7-8901-2345-6789ABCDEF12} = {5D20AA90-6969-D8BD-9DCD-8634F4692FDA}
		{D427B721-94E7-4BFE-B7FC-BF962DFF35B5} = {5D20AA90-6969-D8BD-9DCD-8634F4692FDA}
		{8CFDE6EF-55E9-4D29-A38D-52338BAAD484} = {5D20AA90-6969-D8BD-9DCD-8634F4692FDA}
		{AB5F71EF-1207-43EB-8F2A-CA71B69E9A9D} = {D1E2F3A4-B5C6-7890-1234-56789ABCDEF1}
	EndGlobalSection
EndGlobal
