
Microsoft Visual Studio Solution File, Format Version 12.00
# Visual Studio Version 18
VisualStudioVersion = 18.4.11605.240
MinimumVisualStudioVersion = 10.0.40219.1
Project("{FAE04EC0-301F-11D3-BF4B-00C04F79EFBC}") = "Duct", "Duct\Duct.csproj", "{A1B2C3D4-E5F6-7890-ABCD-EF1234567890}"
EndProject
Project("{FAE04EC0-301F-11D3-BF4B-00C04F79EFBC}") = "Duct.TestApp", "Duct.TestApp\Duct.TestApp.csproj", "{B2C3D4E5-F6A7-8901-BCDE-F12345678901}"
EndProject
Project("{FAE04EC0-301F-11D3-BF4B-00C04F79EFBC}") = "Duct.MiniTest", "Duct.MiniTest\Duct.MiniTest.csproj", "{BECE152A-C79A-24E0-5DB2-BE051EA90679}"
EndProject
Project("{FAE04EC0-301F-11D3-BF4B-00C04F79EFBC}") = "Duct.Tests", "Duct.Tests\Duct.Tests.csproj", "{F81B468C-EF75-4BF9-A7F6-08B716392575}"
EndProject
Project("{2150E333-8FDC-42A3-9474-1A3956D46DE8}") = "samples", "samples", "{5D20AA90-6969-D8BD-9DCD-8634F4692FDA}"
EndProject
Project("{2150E333-8FDC-42A3-9474-1A3956D46DE8}") = "apps", "apps", "{2F1648C1-FA56-3C81-D04A-E07825801750}"
EndProject
Project("{2150E333-8FDC-42A3-9474-1A3956D46DE8}") = "wordpuzzle", "wordpuzzle", "{E9030C00-FF67-603A-B33B-7B335BB11AEC}"
EndProject
Project("{FAE04EC0-301F-11D3-BF4B-00C04F79EFBC}") = "WordPuzzle", "samples\apps\wordpuzzle\WordPuzzle.csproj", "{10FAAB08-2527-4869-960E-D3AB3600E5C9}"
EndProject
Project("{FAE04EC0-301F-11D3-BF4B-00C04F79EFBC}") = "Duct.Cli", "Duct.Cli\Duct.Cli.csproj", "{62CDF797-49E4-4226-A710-2568EADF346B}"
EndProject
Project("{2150E333-8FDC-42A3-9474-1A3956D46DE8}") = "ductfiles", "ductfiles", "{7E6CF6B0-0B2E-9DA2-0313-0F50037052B7}"
EndProject
Project("{FAE04EC0-301F-11D3-BF4B-00C04F79EFBC}") = "DuctFiles", "samples\apps\ductfiles\DuctFiles.csproj", "{A2F23665-07D8-48FC-B163-0C4BBB9C16FC}"
EndProject
Project("{FAE04EC0-301F-11D3-BF4B-00C04F79EFBC}") = "Duct.UITests", "Duct.UITests\Duct.UITests.csproj", "{7E127B6F-8F21-4AE1-BAE3-CDB2992F697D}"
EndProject
Project("{FAE04EC0-301F-11D3-BF4B-00C04F79EFBC}") = "MiniXamlTest", "MiniXamlTest\MiniXamlTest.csproj", "{0AEA046C-515A-41DC-AAA3-7DB07189D22D}"
EndProject
Global
	GlobalSection(SolutionConfigurationPlatforms) = preSolution
		Debug|ARM64 = Debug|ARM64
		Debug|x64 = Debug|x64
		Debug|Any CPU = Debug|Any CPU
		Debug|x86 = Debug|x86
		Release|ARM64 = Release|ARM64
		Release|x64 = Release|x64
		Release|Any CPU = Release|Any CPU
		Release|x86 = Release|x86
	EndGlobalSection
	GlobalSection(ProjectConfigurationPlatforms) = postSolution
		{A1B2C3D4-E5F6-7890-ABCD-EF1234567890}.Debug|ARM64.ActiveCfg = Debug|ARM64
		{A1B2C3D4-E5F6-7890-ABCD-EF1234567890}.Debug|ARM64.Build.0 = Debug|ARM64
		{A1B2C3D4-E5F6-7890-ABCD-EF1234567890}.Debug|x64.ActiveCfg = Debug|x64
		{A1B2C3D4-E5F6-7890-ABCD-EF1234567890}.Debug|x64.Build.0 = Debug|x64
		{A1B2C3D4-E5F6-7890-ABCD-EF1234567890}.Debug|Any CPU.ActiveCfg = Debug|Any CPU
		{A1B2C3D4-E5F6-7890-ABCD-EF1234567890}.Debug|Any CPU.Build.0 = Debug|Any CPU
		{A1B2C3D4-E5F6-7890-ABCD-EF1234567890}.Debug|x86.ActiveCfg = Debug|Any CPU
		{A1B2C3D4-E5F6-7890-ABCD-EF1234567890}.Debug|x86.Build.0 = Debug|Any CPU
		{A1B2C3D4-E5F6-7890-ABCD-EF1234567890}.Release|ARM64.ActiveCfg = Release|ARM64
		{A1B2C3D4-E5F6-7890-ABCD-EF1234567890}.Release|ARM64.Build.0 = Release|ARM64
		{A1B2C3D4-E5F6-7890-ABCD-EF1234567890}.Release|x64.ActiveCfg = Release|x64
		{A1B2C3D4-E5F6-7890-ABCD-EF1234567890}.Release|x64.Build.0 = Release|x64
		{A1B2C3D4-E5F6-7890-ABCD-EF1234567890}.Release|Any CPU.ActiveCfg = Release|Any CPU
		{A1B2C3D4-E5F6-7890-ABCD-EF1234567890}.Release|Any CPU.Build.0 = Release|Any CPU
		{A1B2C3D4-E5F6-7890-ABCD-EF1234567890}.Release|x86.ActiveCfg = Release|Any CPU
		{A1B2C3D4-E5F6-7890-ABCD-EF1234567890}.Release|x86.Build.0 = Release|Any CPU
		{B2C3D4E5-F6A7-8901-BCDE-F12345678901}.Debug|ARM64.ActiveCfg = Debug|ARM64
		{B2C3D4E5-F6A7-8901-BCDE-F12345678901}.Debug|ARM64.Build.0 = Debug|ARM64
		{B2C3D4E5-F6A7-8901-BCDE-F12345678901}.Debug|x64.ActiveCfg = Debug|x64
		{B2C3D4E5-F6A7-8901-BCDE-F12345678901}.Debug|x64.Build.0 = Debug|x64
		{B2C3D4E5-F6A7-8901-BCDE-F12345678901}.Debug|Any CPU.ActiveCfg = Debug|Any CPU
		{B2C3D4E5-F6A7-8901-BCDE-F12345678901}.Debug|Any CPU.Build.0 = Debug|Any CPU
		{B2C3D4E5-F6A7-8901-BCDE-F12345678901}.Debug|x86.ActiveCfg = Debug|Any CPU
		{B2C3D4E5-F6A7-8901-BCDE-F12345678901}.Debug|x86.Build.0 = Debug|Any CPU
		{B2C3D4E5-F6A7-8901-BCDE-F12345678901}.Release|ARM64.ActiveCfg = Release|ARM64
		{B2C3D4E5-F6A7-8901-BCDE-F12345678901}.Release|ARM64.Build.0 = Release|ARM64
		{B2C3D4E5-F6A7-8901-BCDE-F12345678901}.Release|x64.ActiveCfg = Release|x64
		{B2C3D4E5-F6A7-8901-BCDE-F12345678901}.Release|x64.Build.0 = Release|x64
		{B2C3D4E5-F6A7-8901-BCDE-F12345678901}.Release|Any CPU.ActiveCfg = Release|Any CPU
		{B2C3D4E5-F6A7-8901-BCDE-F12345678901}.Release|Any CPU.Build.0 = Release|Any CPU
		{B2C3D4E5-F6A7-8901-BCDE-F12345678901}.Release|x86.ActiveCfg = Release|Any CPU
		{B2C3D4E5-F6A7-8901-BCDE-F12345678901}.Release|x86.Build.0 = Release|Any CPU
		{BECE152A-C79A-24E0-5DB2-BE051EA90679}.Debug|ARM64.ActiveCfg = Debug|ARM64
		{BECE152A-C79A-24E0-5DB2-BE051EA90679}.Debug|ARM64.Build.0 = Debug|ARM64
		{BECE152A-C79A-24E0-5DB2-BE051EA90679}.Debug|x64.ActiveCfg = Debug|x64
		{BECE152A-C79A-24E0-5DB2-BE051EA90679}.Debug|x64.Build.0 = Debug|x64
		{BECE152A-C79A-24E0-5DB2-BE051EA90679}.Debug|Any CPU.ActiveCfg = Debug|Any CPU
		{BECE152A-C79A-24E0-5DB2-BE051EA90679}.Debug|Any CPU.Build.0 = Debug|Any CPU
		{BECE152A-C79A-24E0-5DB2-BE051EA90679}.Debug|x86.ActiveCfg = Debug|Any CPU
		{BECE152A-C79A-24E0-5DB2-BE051EA90679}.Debug|x86.Build.0 = Debug|Any CPU
		{BECE152A-C79A-24E0-5DB2-BE051EA90679}.Release|ARM64.ActiveCfg = Release|ARM64
		{BECE152A-C79A-24E0-5DB2-BE051EA90679}.Release|ARM64.Build.0 = Release|ARM64
		{BECE152A-C79A-24E0-5DB2-BE051EA90679}.Release|x64.ActiveCfg = Release|x64
		{BECE152A-C79A-24E0-5DB2-BE051EA90679}.Release|x64.Build.0 = Release|x64
		{BECE152A-C79A-24E0-5DB2-BE051EA90679}.Release|Any CPU.ActiveCfg = Release|Any CPU
		{BECE152A-C79A-24E0-5DB2-BE051EA90679}.Release|Any CPU.Build.0 = Release|Any CPU
		{BECE152A-C79A-24E0-5DB2-BE051EA90679}.Release|x86.ActiveCfg = Release|Any CPU
		{BECE152A-C79A-24E0-5DB2-BE051EA90679}.Release|x86.Build.0 = Release|Any CPU
		{F81B468C-EF75-4BF9-A7F6-08B716392575}.Debug|ARM64.ActiveCfg = Debug|ARM64
		{F81B468C-EF75-4BF9-A7F6-08B716392575}.Debug|ARM64.Build.0 = Debug|ARM64
		{F81B468C-EF75-4BF9-A7F6-08B716392575}.Debug|x64.ActiveCfg = Debug|x64
		{F81B468C-EF75-4BF9-A7F6-08B716392575}.Debug|x64.Build.0 = Debug|x64
		{F81B468C-EF75-4BF9-A7F6-08B716392575}.Debug|Any CPU.ActiveCfg = Debug|x64
		{F81B468C-EF75-4BF9-A7F6-08B716392575}.Debug|Any CPU.Build.0 = Debug|x64
		{F81B468C-EF75-4BF9-A7F6-08B716392575}.Debug|x86.ActiveCfg = Debug|x64
		{F81B468C-EF75-4BF9-A7F6-08B716392575}.Debug|x86.Build.0 = Debug|x64
		{F81B468C-EF75-4BF9-A7F6-08B716392575}.Release|ARM64.ActiveCfg = Release|ARM64
		{F81B468C-EF75-4BF9-A7F6-08B716392575}.Release|ARM64.Build.0 = Release|ARM64
		{F81B468C-EF75-4BF9-A7F6-08B716392575}.Release|x64.ActiveCfg = Release|x64
		{F81B468C-EF75-4BF9-A7F6-08B716392575}.Release|x64.Build.0 = Release|x64
		{F81B468C-EF75-4BF9-A7F6-08B716392575}.Release|Any CPU.ActiveCfg = Release|x64
		{F81B468C-EF75-4BF9-A7F6-08B716392575}.Release|Any CPU.Build.0 = Release|x64
		{F81B468C-EF75-4BF9-A7F6-08B716392575}.Release|x86.ActiveCfg = Release|x64
		{F81B468C-EF75-4BF9-A7F6-08B716392575}.Release|x86.Build.0 = Release|x64
		{10FAAB08-2527-4869-960E-D3AB3600E5C9}.Debug|ARM64.ActiveCfg = Debug|ARM64
		{10FAAB08-2527-4869-960E-D3AB3600E5C9}.Debug|ARM64.Build.0 = Debug|ARM64
		{10FAAB08-2527-4869-960E-D3AB3600E5C9}.Debug|x64.ActiveCfg = Debug|x64
		{10FAAB08-2527-4869-960E-D3AB3600E5C9}.Debug|x64.Build.0 = Debug|x64
		{10FAAB08-2527-4869-960E-D3AB3600E5C9}.Debug|Any CPU.ActiveCfg = Debug|x64
		{10FAAB08-2527-4869-960E-D3AB3600E5C9}.Debug|Any CPU.Build.0 = Debug|x64
		{10FAAB08-2527-4869-960E-D3AB3600E5C9}.Debug|x86.ActiveCfg = Debug|x64
		{10FAAB08-2527-4869-960E-D3AB3600E5C9}.Debug|x86.Build.0 = Debug|x64
		{10FAAB08-2527-4869-960E-D3AB3600E5C9}.Release|ARM64.ActiveCfg = Release|ARM64
		{10FAAB08-2527-4869-960E-D3AB3600E5C9}.Release|ARM64.Build.0 = Release|ARM64
		{10FAAB08-2527-4869-960E-D3AB3600E5C9}.Release|x64.ActiveCfg = Release|x64
		{10FAAB08-2527-4869-960E-D3AB3600E5C9}.Release|x64.Build.0 = Release|x64
		{10FAAB08-2527-4869-960E-D3AB3600E5C9}.Release|Any CPU.ActiveCfg = Release|x64
		{10FAAB08-2527-4869-960E-D3AB3600E5C9}.Release|Any CPU.Build.0 = Release|x64
		{10FAAB08-2527-4869-960E-D3AB3600E5C9}.Release|x86.ActiveCfg = Release|x64
		{10FAAB08-2527-4869-960E-D3AB3600E5C9}.Release|x86.Build.0 = Release|x64
		{62CDF797-49E4-4226-A710-2568EADF346B}.Debug|ARM64.ActiveCfg = Debug|Any CPU
		{62CDF797-49E4-4226-A710-2568EADF346B}.Debug|ARM64.Build.0 = Debug|Any CPU
		{62CDF797-49E4-4226-A710-2568EADF346B}.Debug|x64.ActiveCfg = Debug|Any CPU
		{62CDF797-49E4-4226-A710-2568EADF346B}.Debug|x64.Build.0 = Debug|Any CPU
		{62CDF797-49E4-4226-A710-2568EADF346B}.Debug|Any CPU.ActiveCfg = Debug|Any CPU
		{62CDF797-49E4-4226-A710-2568EADF346B}.Debug|Any CPU.Build.0 = Debug|Any CPU
		{62CDF797-49E4-4226-A710-2568EADF346B}.Debug|x86.ActiveCfg = Debug|Any CPU
		{62CDF797-49E4-4226-A710-2568EADF346B}.Debug|x86.Build.0 = Debug|Any CPU
		{62CDF797-49E4-4226-A710-2568EADF346B}.Release|ARM64.ActiveCfg = Release|Any CPU
		{62CDF797-49E4-4226-A710-2568EADF346B}.Release|ARM64.Build.0 = Release|Any CPU
		{62CDF797-49E4-4226-A710-2568EADF346B}.Release|x64.ActiveCfg = Release|Any CPU
		{62CDF797-49E4-4226-A710-2568EADF346B}.Release|x64.Build.0 = Release|Any CPU
		{62CDF797-49E4-4226-A710-2568EADF346B}.Release|Any CPU.ActiveCfg = Release|Any CPU
		{62CDF797-49E4-4226-A710-2568EADF346B}.Release|Any CPU.Build.0 = Release|Any CPU
		{62CDF797-49E4-4226-A710-2568EADF346B}.Release|x86.ActiveCfg = Release|Any CPU
		{62CDF797-49E4-4226-A710-2568EADF346B}.Release|x86.Build.0 = Release|Any CPU
		{A2F23665-07D8-48FC-B163-0C4BBB9C16FC}.Debug|ARM64.ActiveCfg = Debug|ARM64
		{A2F23665-07D8-48FC-B163-0C4BBB9C16FC}.Debug|ARM64.Build.0 = Debug|ARM64
		{A2F23665-07D8-48FC-B163-0C4BBB9C16FC}.Debug|x64.ActiveCfg = Debug|x64
		{A2F23665-07D8-48FC-B163-0C4BBB9C16FC}.Debug|x64.Build.0 = Debug|x64
		{A2F23665-07D8-48FC-B163-0C4BBB9C16FC}.Debug|Any CPU.ActiveCfg = Debug|x64
		{A2F23665-07D8-48FC-B163-0C4BBB9C16FC}.Debug|Any CPU.Build.0 = Debug|x64
		{A2F23665-07D8-48FC-B163-0C4BBB9C16FC}.Debug|x86.ActiveCfg = Debug|x64
		{A2F23665-07D8-48FC-B163-0C4BBB9C16FC}.Debug|x86.Build.0 = Debug|x64
		{A2F23665-07D8-48FC-B163-0C4BBB9C16FC}.Release|ARM64.ActiveCfg = Release|ARM64
		{A2F23665-07D8-48FC-B163-0C4BBB9C16FC}.Release|ARM64.Build.0 = Release|ARM64
		{A2F23665-07D8-48FC-B163-0C4BBB9C16FC}.Release|x64.ActiveCfg = Release|x64
		{A2F23665-07D8-48FC-B163-0C4BBB9C16FC}.Release|x64.Build.0 = Release|x64
		{A2F23665-07D8-48FC-B163-0C4BBB9C16FC}.Release|Any CPU.ActiveCfg = Release|x64
		{A2F23665-07D8-48FC-B163-0C4BBB9C16FC}.Release|Any CPU.Build.0 = Release|x64
		{A2F23665-07D8-48FC-B163-0C4BBB9C16FC}.Release|x86.ActiveCfg = Release|x64
		{A2F23665-07D8-48FC-B163-0C4BBB9C16FC}.Release|x86.Build.0 = Release|x64
		{7E127B6F-8F21-4AE1-BAE3-CDB2992F697D}.Debug|ARM64.ActiveCfg = Debug|ARM64
		{7E127B6F-8F21-4AE1-BAE3-CDB2992F697D}.Debug|ARM64.Build.0 = Debug|ARM64
		{7E127B6F-8F21-4AE1-BAE3-CDB2992F697D}.Debug|x64.ActiveCfg = Debug|x64
		{7E127B6F-8F21-4AE1-BAE3-CDB2992F697D}.Debug|x64.Build.0 = Debug|x64
		{7E127B6F-8F21-4AE1-BAE3-CDB2992F697D}.Debug|Any CPU.ActiveCfg = Debug|x64
		{7E127B6F-8F21-4AE1-BAE3-CDB2992F697D}.Debug|Any CPU.Build.0 = Debug|x64
		{7E127B6F-8F21-4AE1-BAE3-CDB2992F697D}.Debug|x86.ActiveCfg = Debug|x64
		{7E127B6F-8F21-4AE1-BAE3-CDB2992F697D}.Debug|x86.Build.0 = Debug|x64
		{7E127B6F-8F21-4AE1-BAE3-CDB2992F697D}.Release|ARM64.ActiveCfg = Release|ARM64
		{7E127B6F-8F21-4AE1-BAE3-CDB2992F697D}.Release|ARM64.Build.0 = Release|ARM64
		{7E127B6F-8F21-4AE1-BAE3-CDB2992F697D}.Release|x64.ActiveCfg = Release|x64
		{7E127B6F-8F21-4AE1-BAE3-CDB2992F697D}.Release|x64.Build.0 = Release|x64
		{7E127B6F-8F21-4AE1-BAE3-CDB2992F697D}.Release|Any CPU.ActiveCfg = Release|x64
		{7E127B6F-8F21-4AE1-BAE3-CDB2992F697D}.Release|Any CPU.Build.0 = Release|x64
		{7E127B6F-8F21-4AE1-BAE3-CDB2992F697D}.Release|x86.ActiveCfg = Release|x64
		{7E127B6F-8F21-4AE1-BAE3-CDB2992F697D}.Release|x86.Build.0 = Release|x64
		{0AEA046C-515A-41DC-AAA3-7DB07189D22D}.Debug|ARM64.ActiveCfg = Debug|ARM64
		{0AEA046C-515A-41DC-AAA3-7DB07189D22D}.Debug|ARM64.Build.0 = Debug|ARM64
		{0AEA046C-515A-41DC-AAA3-7DB07189D22D}.Debug|x64.ActiveCfg = Debug|x64
		{0AEA046C-515A-41DC-AAA3-7DB07189D22D}.Debug|x64.Build.0 = Debug|x64
		{0AEA046C-515A-41DC-AAA3-7DB07189D22D}.Debug|Any CPU.ActiveCfg = Debug|x64
		{0AEA046C-515A-41DC-AAA3-7DB07189D22D}.Debug|Any CPU.Build.0 = Debug|x64
		{0AEA046C-515A-41DC-AAA3-7DB07189D22D}.Debug|x86.ActiveCfg = Debug|x64
		{0AEA046C-515A-41DC-AAA3-7DB07189D22D}.Debug|x86.Build.0 = Debug|x64
		{0AEA046C-515A-41DC-AAA3-7DB07189D22D}.Release|ARM64.ActiveCfg = Release|ARM64
		{0AEA046C-515A-41DC-AAA3-7DB07189D22D}.Release|ARM64.Build.0 = Release|ARM64
		{0AEA046C-515A-41DC-AAA3-7DB07189D22D}.Release|x64.ActiveCfg = Release|x64
		{0AEA046C-515A-41DC-AAA3-7DB07189D22D}.Release|x64.Build.0 = Release|x64
		{0AEA046C-515A-41DC-AAA3-7DB07189D22D}.Release|Any CPU.ActiveCfg = Release|x64
		{0AEA046C-515A-41DC-AAA3-7DB07189D22D}.Release|Any CPU.Build.0 = Release|x64
		{0AEA046C-515A-41DC-AAA3-7DB07189D22D}.Release|x86.ActiveCfg = Release|x64
		{0AEA046C-515A-41DC-AAA3-7DB07189D22D}.Release|x86.Build.0 = Release|x64
	EndGlobalSection
	GlobalSection(SolutionProperties) = preSolution
		HideSolutionNode = FALSE
	EndGlobalSection
	GlobalSection(NestedProjects) = preSolution
		{2F1648C1-FA56-3C81-D04A-E07825801750} = {5D20AA90-6969-D8BD-9DCD-8634F4692FDA}
		{E9030C00-FF67-603A-B33B-7B335BB11AEC} = {2F1648C1-FA56-3C81-D04A-E07825801750}
		{10FAAB08-2527-4869-960E-D3AB3600E5C9} = {E9030C00-FF67-603A-B33B-7B335BB11AEC}
		{7E6CF6B0-0B2E-9DA2-0313-0F50037052B7} = {2F1648C1-FA56-3C81-D04A-E07825801750}
		{A2F23665-07D8-48FC-B163-0C4BBB9C16FC} = {7E6CF6B0-0B2E-9DA2-0313-0F50037052B7}
	EndGlobalSection
EndGlobal
